
Microsoft Visual Studio Solution File, Format Version 12.00
# Visual Studio 15
VisualStudioVersion = 15.0.28307.572
MinimumVisualStudioVersion = 10.0.40219.1
Project("{FAE04EC0-301F-11D3-BF4B-00C04F79EFBC}") = "ProjetoCloud", "ProjetoCloud\ProjetoCloud.csproj", "{FC5AD185-D251-4EAF-8557-766B03956012}"
EndProject
Global
	GlobalSection(SolutionConfigurationPlatforms) = preSolution
		Debug|Any CPU = Debug|Any CPU
		Release|Any CPU = Release|Any CPU
	EndGlobalSection
	GlobalSection(ProjectConfigurationPlatforms) = postSolution
		{FC5AD185-D251-4EAF-8557-766B03956012}.Debug|Any CPU.ActiveCfg = Debug|Any CPU
		{FC5AD185-D251-4EAF-8557-766B03956012}.Debug|Any CPU.Build.0 = Debug|Any CPU
		{FC5AD185-D251-4EAF-8557-766B03956012}.Release|Any CPU.ActiveCfg = Release|Any CPU
		{FC5AD185-D251-4EAF-8557-766B03956012}.Release|Any CPU.Build.0 = Release|Any CPU
	EndGlobalSection
	GlobalSection(SolutionProperties) = preSolution
		HideSolutionNode = FALSE
	EndGlobalSection
	GlobalSection(ExtensibilityGlobals) = postSolution
		SolutionGuid = {6F87CB39-C4A1-44FC-B870-EA0CBE3E1B40}
	EndGlobalSection
EndGlobal
